
Microsoft Visual Studio Solution File, Format Version 12.00
# Visual Studio Version 16
VisualStudioVersion = 16.0.30711.63
MinimumVisualStudioVersion = 10.0.40219.1
Project("{2150E333-8FDC-42A3-9474-1A3956D46DE8}") = "sample", "sample", "{85E0D2C3-A700-4A65-BFEA-1F9A29875419}"
EndProject
Project("{2150E333-8FDC-42A3-9474-1A3956D46DE8}") = "src", "src", "{E248E2C9-CE4A-41D2-91A0-8F61AAB69247}"
EndProject
Project("{2150E333-8FDC-42A3-9474-1A3956D46DE8}") = "assets", "assets", "{B2AB57E4-0121-4AF9-A559-C53B442F33D8}"
	ProjectSection(SolutionItems) = preProject
		.editorconfig = .editorconfig
		.gitattributes = .gitattributes
		.gitignore = .gitignore
		build.cake = build.cake
		build.cmd = build.cmd
		build.ps1 = build.ps1
		build.sh = build.sh
		cake.config = cake.config
		CODEOWNERS = CODEOWNERS
		global.json = global.json
		LICENSE = LICENSE
		nuget.config = nuget.config
		assets\ookii-dialogs.snk = assets\ookii-dialogs.snk
		README.md = README.md
		SECURITY.md = SECURITY.md
	EndProjectSection
EndProject
Project("{9A19103F-16F7-4668-BE54-9A1E7A4F7556}") = "Ookii.Dialogs.Wpf.Sample", "sample\Ookii.Dialogs.Wpf.Sample\Ookii.Dialogs.Wpf.Sample.csproj", "{E38181B2-E8E5-466D-9099-33FE75B4CFA1}"
EndProject
Project("{9A19103F-16F7-4668-BE54-9A1E7A4F7556}") = "Ookii.Dialogs.Wpf", "src\Ookii.Dialogs.Wpf\Ookii.Dialogs.Wpf.csproj", "{D01B1D20-8F5B-4834-8E5C-C7EC6DD587D4}"
EndProject
Project("{FAE04EC0-301F-11D3-BF4B-00C04F79EFBC}") = "Ookii.Dialogs", "src\Ookii.Dialogs\Ookii.Dialogs.csproj", "{50E3F3F4-9AEC-4FF9-8CF9-99721A167EC3}"
EndProject
Global
	GlobalSection(SolutionConfigurationPlatforms) = preSolution
		Debug|Any CPU = Debug|Any CPU
		Release|Any CPU = Release|Any CPU
	EndGlobalSection
	GlobalSection(ProjectConfigurationPlatforms) = postSolution
		{E38181B2-E8E5-466D-9099-33FE75B4CFA1}.Debug|Any CPU.ActiveCfg = Debug|Any CPU
		{E38181B2-E8E5-466D-9099-33FE75B4CFA1}.Debug|Any CPU.Build.0 = Debug|Any CPU
		{E38181B2-E8E5-466D-9099-33FE75B4CFA1}.Release|Any CPU.ActiveCfg = Release|Any CPU
		{E38181B2-E8E5-466D-9099-33FE75B4CFA1}.Release|Any CPU.Build.0 = Release|Any CPU
		{D01B1D20-8F5B-4834-8E5C-C7EC6DD587D4}.Debug|Any CPU.ActiveCfg = Debug|Any CPU
		{D01B1D20-8F5B-4834-8E5C-C7EC6DD587D4}.Debug|Any CPU.Build.0 = Debug|Any CPU
		{D01B1D20-8F5B-4834-8E5C-C7EC6DD587D4}.Release|Any CPU.ActiveCfg = Release|Any CPU
		{D01B1D20-8F5B-4834-8E5C-C7EC6DD587D4}.Release|Any CPU.Build.0 = Release|Any CPU
		{50E3F3F4-9AEC-4FF9-8CF9-99721A167EC3}.Debug|Any CPU.ActiveCfg = Debug|Any CPU
		{50E3F3F4-9AEC-4FF9-8CF9-99721A167EC3}.Debug|Any CPU.Build.0 = Debug|Any CPU
		{50E3F3F4-9AEC-4FF9-8CF9-99721A167EC3}.Release|Any CPU.ActiveCfg = Release|Any CPU
		{50E3F3F4-9AEC-4FF9-8CF9-99721A167EC3}.Release|Any CPU.Build.0 = Release|Any CPU
	EndGlobalSection
	GlobalSection(SolutionProperties) = preSolution
		HideSolutionNode = FALSE
	EndGlobalSection
	GlobalSection(NestedProjects) = preSolution
		{E38181B2-E8E5-466D-9099-33FE75B4CFA1} = {85E0D2C3-A700-4A65-BFEA-1F9A29875419}
		{D01B1D20-8F5B-4834-8E5C-C7EC6DD587D4} = {E248E2C9-CE4A-41D2-91A0-8F61AAB69247}
		{50E3F3F4-9AEC-4FF9-8CF9-99721A167EC3} = {E248E2C9-CE4A-41D2-91A0-8F61AAB69247}
	EndGlobalSection
	GlobalSection(ExtensibilityGlobals) = postSolution
		SolutionGuid = {C17C6EF5-4A5E-45BB-AFB9-2D0547C4D682}
	EndGlobalSection
EndGlobal
