
Microsoft Visual Studio Solution File, Format Version 12.00
# Visual Studio Version 16
VisualStudioVersion = 16.0.28803.452
MinimumVisualStudioVersion = 10.0.40219.1
Project("{2150E333-8FDC-42A3-9474-1A3956D46DE8}") = "sample", "sample", "{85E0D2C3-A700-4A65-BFEA-1F9A29875419}"
EndProject
Project("{2150E333-8FDC-42A3-9474-1A3956D46DE8}") = "src", "src", "{E248E2C9-CE4A-41D2-91A0-8F61AAB69247}"
EndProject
Project("{2150E333-8FDC-42A3-9474-1A3956D46DE8}") = "assets", "assets", "{B2AB57E4-0121-4AF9-A559-C53B442F33D8}"
	ProjectSection(SolutionItems) = preProject
		.editorconfig = .editorconfig
		.gitattributes = .gitattributes
		.gitignore = .gitignore
		LICENSE = LICENSE
		assets\ookii-dialogs.snk = assets\ookii-dialogs.snk
		README.md = README.md
	EndProjectSection
EndProject
Project("{9A19103F-16F7-4668-BE54-9A1E7A4F7556}") = "Ookii.Dialogs.Wpf.NETCore", "src\Ookii.Dialogs.Wpf.NETCore\Ookii.Dialogs.Wpf.NETCore.csproj", "{0D36DCD7-E3A5-40A0-8DDD-E4C0D0047111}"
EndProject
Project("{FAE04EC0-301F-11D3-BF4B-00C04F79EFBC}") = "Ookii.Dialogs.Wpf", "src\Ookii.Dialogs.Wpf\Ookii.Dialogs.Wpf.csproj", "{D01B1D20-8F5B-4834-8E5C-C7EC6DD587D4}"
EndProject
Project("{9A19103F-16F7-4668-BE54-9A1E7A4F7556}") = "Ookii.Dialogs.Wpf.NETCore.Sample", "sample\Ookii.Dialogs.Wpf.NETCore.Sample\Ookii.Dialogs.Wpf.NETCore.Sample.csproj", "{0DB1C0A1-4948-4B11-BBE4-56CFC258ECA8}"
EndProject
Project("{FAE04EC0-301F-11D3-BF4B-00C04F79EFBC}") = "Ookii.Dialogs.Wpf.Sample", "sample\Ookii.Dialogs.Wpf.Sample\Ookii.Dialogs.Wpf.Sample.csproj", "{E38181B2-E8E5-466D-9099-33FE75B4CFA1}"
EndProject
Global
	GlobalSection(SolutionConfigurationPlatforms) = preSolution
		Debug|Any CPU = Debug|Any CPU
		Release|Any CPU = Release|Any CPU
	EndGlobalSection
	GlobalSection(ProjectConfigurationPlatforms) = postSolution
		{0D36DCD7-E3A5-40A0-8DDD-E4C0D0047111}.Debug|Any CPU.ActiveCfg = Debug|Any CPU
		{0D36DCD7-E3A5-40A0-8DDD-E4C0D0047111}.Debug|Any CPU.Build.0 = Debug|Any CPU
		{0D36DCD7-E3A5-40A0-8DDD-E4C0D0047111}.Release|Any CPU.ActiveCfg = Release|Any CPU
		{0D36DCD7-E3A5-40A0-8DDD-E4C0D0047111}.Release|Any CPU.Build.0 = Release|Any CPU
		{D01B1D20-8F5B-4834-8E5C-C7EC6DD587D4}.Debug|Any CPU.ActiveCfg = Debug|Any CPU
		{D01B1D20-8F5B-4834-8E5C-C7EC6DD587D4}.Debug|Any CPU.Build.0 = Debug|Any CPU
		{D01B1D20-8F5B-4834-8E5C-C7EC6DD587D4}.Release|Any CPU.ActiveCfg = Release|Any CPU
		{D01B1D20-8F5B-4834-8E5C-C7EC6DD587D4}.Release|Any CPU.Build.0 = Release|Any CPU
		{0DB1C0A1-4948-4B11-BBE4-56CFC258ECA8}.Debug|Any CPU.ActiveCfg = Debug|Any CPU
		{0DB1C0A1-4948-4B11-BBE4-56CFC258ECA8}.Debug|Any CPU.Build.0 = Debug|Any CPU
		{0DB1C0A1-4948-4B11-BBE4-56CFC258ECA8}.Release|Any CPU.ActiveCfg = Release|Any CPU
		{0DB1C0A1-4948-4B11-BBE4-56CFC258ECA8}.Release|Any CPU.Build.0 = Release|Any CPU
		{E38181B2-E8E5-466D-9099-33FE75B4CFA1}.Debug|Any CPU.ActiveCfg = Debug|Any CPU
		{E38181B2-E8E5-466D-9099-33FE75B4CFA1}.Debug|Any CPU.Build.0 = Debug|Any CPU
		{E38181B2-E8E5-466D-9099-33FE75B4CFA1}.Release|Any CPU.ActiveCfg = Release|Any CPU
		{E38181B2-E8E5-466D-9099-33FE75B4CFA1}.Release|Any CPU.Build.0 = Release|Any CPU
	EndGlobalSection
	GlobalSection(SolutionProperties) = preSolution
		HideSolutionNode = FALSE
	EndGlobalSection
	GlobalSection(NestedProjects) = preSolution
		{0D36DCD7-E3A5-40A0-8DDD-E4C0D0047111} = {E248E2C9-CE4A-41D2-91A0-8F61AAB69247}
		{D01B1D20-8F5B-4834-8E5C-C7EC6DD587D4} = {E248E2C9-CE4A-41D2-91A0-8F61AAB69247}
		{0DB1C0A1-4948-4B11-BBE4-56CFC258ECA8} = {85E0D2C3-A700-4A65-BFEA-1F9A29875419}
		{E38181B2-E8E5-466D-9099-33FE75B4CFA1} = {85E0D2C3-A700-4A65-BFEA-1F9A29875419}
	EndGlobalSection
	GlobalSection(ExtensibilityGlobals) = postSolution
		SolutionGuid = {C17C6EF5-4A5E-45BB-AFB9-2D0547C4D682}
	EndGlobalSection
EndGlobal
